
Microsoft Visual Studio Solution File, Format Version 12.00
# Visual Studio Version 17
VisualStudioVersion = 17.10.35027.167
MinimumVisualStudioVersion = 10.0.40219.1
Project("{FAE04EC0-301F-11D3-BF4B-00C04F79EFBC}") = "BokoSan_backend", "BokoSan_backend.csproj", "{D2B57E89-0C43-41EC-A587-412FC5F7B4B6}"
EndProject
Global
	GlobalSection(SolutionConfigurationPlatforms) = preSolution
		Debug|Any CPU = Debug|Any CPU
		Release|Any CPU = Release|Any CPU
	EndGlobalSection
	GlobalSection(ProjectConfigurationPlatforms) = postSolution
		{D2B57E89-0C43-41EC-A587-412FC5F7B4B6}.Debug|Any CPU.ActiveCfg = Debug|Any CPU
		{D2B57E89-0C43-41EC-A587-412FC5F7B4B6}.Debug|Any CPU.Build.0 = Debug|Any CPU
		{D2B57E89-0C43-41EC-A587-412FC5F7B4B6}.Release|Any CPU.ActiveCfg = Release|Any CPU
		{D2B57E89-0C43-41EC-A587-412FC5F7B4B6}.Release|Any CPU.Build.0 = Release|Any CPU
	EndGlobalSection
	GlobalSection(SolutionProperties) = preSolution
		HideSolutionNode = FALSE
	EndGlobalSection
	GlobalSection(ExtensibilityGlobals) = postSolution
		SolutionGuid = {240EAC77-235B-496E-A088-9084A606697C}
	EndGlobalSection
EndGlobal
